
Microsoft Visual Studio Solution File, Format Version 12.00
# Visual Studio Version 17
VisualStudioVersion = 17.5.33516.290
MinimumVisualStudioVersion = 10.0.40219.1
Project("{9A19103F-16F7-4668-BE54-9A1E7A4F7556}") = "Interface", "Interface\Interface.csproj", "{E912288B-69EC-4BE5-ABD5-1D4B311F7560}"
EndProject
Project("{9A19103F-16F7-4668-BE54-9A1E7A4F7556}") = "Storage", "Storage\Storage.csproj", "{61F51A1E-F867-43C9-852B-E362E3A514E9}"
EndProject
Project("{9A19103F-16F7-4668-BE54-9A1E7A4F7556}") = "Logic", "Model\Logic.csproj", "{CC8672F7-81A9-48CB-A919-80751FD5D671}"
EndProject
Project("{FAE04EC0-301F-11D3-BF4B-00C04F79EFBC}") = "TestLogic", "TestLogic\TestLogic.csproj", "{671A4C7F-E5D9-423E-A8A3-299FB7B3B84C}"
EndProject
Project("{FAE04EC0-301F-11D3-BF4B-00C04F79EFBC}") = "Exceptions", "Exceptions\Exceptions.csproj", "{82251051-04CF-46E0-88F2-34C20F7679C0}"
EndProject
Global
	GlobalSection(SolutionConfigurationPlatforms) = preSolution
		Debug|Any CPU = Debug|Any CPU
		Release|Any CPU = Release|Any CPU
	EndGlobalSection
	GlobalSection(ProjectConfigurationPlatforms) = postSolution
		{E912288B-69EC-4BE5-ABD5-1D4B311F7560}.Debug|Any CPU.ActiveCfg = Debug|Any CPU
		{E912288B-69EC-4BE5-ABD5-1D4B311F7560}.Debug|Any CPU.Build.0 = Debug|Any CPU
		{E912288B-69EC-4BE5-ABD5-1D4B311F7560}.Release|Any CPU.ActiveCfg = Release|Any CPU
		{E912288B-69EC-4BE5-ABD5-1D4B311F7560}.Release|Any CPU.Build.0 = Release|Any CPU
		{61F51A1E-F867-43C9-852B-E362E3A514E9}.Debug|Any CPU.ActiveCfg = Debug|Any CPU
		{61F51A1E-F867-43C9-852B-E362E3A514E9}.Debug|Any CPU.Build.0 = Debug|Any CPU
		{61F51A1E-F867-43C9-852B-E362E3A514E9}.Release|Any CPU.ActiveCfg = Release|Any CPU
		{61F51A1E-F867-43C9-852B-E362E3A514E9}.Release|Any CPU.Build.0 = Release|Any CPU
		{CC8672F7-81A9-48CB-A919-80751FD5D671}.Debug|Any CPU.ActiveCfg = Debug|Any CPU
		{CC8672F7-81A9-48CB-A919-80751FD5D671}.Debug|Any CPU.Build.0 = Debug|Any CPU
		{CC8672F7-81A9-48CB-A919-80751FD5D671}.Release|Any CPU.ActiveCfg = Release|Any CPU
		{CC8672F7-81A9-48CB-A919-80751FD5D671}.Release|Any CPU.Build.0 = Release|Any CPU
		{671A4C7F-E5D9-423E-A8A3-299FB7B3B84C}.Debug|Any CPU.ActiveCfg = Debug|Any CPU
		{671A4C7F-E5D9-423E-A8A3-299FB7B3B84C}.Debug|Any CPU.Build.0 = Debug|Any CPU
		{671A4C7F-E5D9-423E-A8A3-299FB7B3B84C}.Release|Any CPU.ActiveCfg = Release|Any CPU
		{671A4C7F-E5D9-423E-A8A3-299FB7B3B84C}.Release|Any CPU.Build.0 = Release|Any CPU
		{82251051-04CF-46E0-88F2-34C20F7679C0}.Debug|Any CPU.ActiveCfg = Debug|Any CPU
		{82251051-04CF-46E0-88F2-34C20F7679C0}.Debug|Any CPU.Build.0 = Debug|Any CPU
		{82251051-04CF-46E0-88F2-34C20F7679C0}.Release|Any CPU.ActiveCfg = Release|Any CPU
		{82251051-04CF-46E0-88F2-34C20F7679C0}.Release|Any CPU.Build.0 = Release|Any CPU
	EndGlobalSection
	GlobalSection(SolutionProperties) = preSolution
		HideSolutionNode = FALSE
	EndGlobalSection
	GlobalSection(ExtensibilityGlobals) = postSolution
		SolutionGuid = {60F7C9E1-4B72-4E17-9D42-7CB2BEBA0EE9}
	EndGlobalSection
EndGlobal
